Microsoft Visual Studio Solution File, Format Version 12.00
# Visual Studio 15
VisualStudioVersion = 15.0.26730.16
MinimumVisualStudioVersion = 15.0.26124.0
Project("{9A19103F-16F7-4668-BE54-9A1E7A4F7556}") = "NeuralNetworkConstructor", "NeuralNetworkConstructor\NeuralNetworkConstructor.csproj", "{05D8E92E-B079-4DBC-945A-830C53F8B252}"
EndProject
Project("{9A19103F-16F7-4668-BE54-9A1E7A4F7556}") = "Tests", "Tests\Tests.csproj", "{281FC176-6420-4527-8CB4-9CC20C85A03C}"
EndProject
Project("{2150E333-8FDC-42A3-9474-1A3956D46DE8}") = "Solution Items", "Solution Items", "{9DEE1F85-B6F3-4957-B7F2-953CE50C3780}"
	ProjectSection(SolutionItems) = preProject
		.gitignore = .gitignore
		.travis.yml = .travis.yml
		appveyor.yml = appveyor.yml
		LICENSE = LICENSE
		README.md = README.md
	EndProjectSection
EndProject
Global
	GlobalSection(SolutionConfigurationPlatforms) = preSolution
		Debug|Any CPU = Debug|Any CPU
		Debug|x64 = Debug|x64
		Debug|x86 = Debug|x86
		Release|Any CPU = Release|Any CPU
		Release|x64 = Release|x64
		Release|x86 = Release|x86
	EndGlobalSection
	GlobalSection(ProjectConfigurationPlatforms) = postSolution
		{05D8E92E-B079-4DBC-945A-830C53F8B252}.Debug|Any CPU.ActiveCfg = Debug|Any CPU
		{05D8E92E-B079-4DBC-945A-830C53F8B252}.Debug|Any CPU.Build.0 = Debug|Any CPU
		{05D8E92E-B079-4DBC-945A-830C53F8B252}.Debug|x64.ActiveCfg = Debug|Any CPU
		{05D8E92E-B079-4DBC-945A-830C53F8B252}.Debug|x64.Build.0 = Debug|Any CPU
		{05D8E92E-B079-4DBC-945A-830C53F8B252}.Debug|x86.ActiveCfg = Debug|Any CPU
		{05D8E92E-B079-4DBC-945A-830C53F8B252}.Debug|x86.Build.0 = Debug|Any CPU
		{05D8E92E-B079-4DBC-945A-830C53F8B252}.Release|Any CPU.ActiveCfg = Release|Any CPU
		{05D8E92E-B079-4DBC-945A-830C53F8B252}.Release|Any CPU.Build.0 = Release|Any CPU
		{05D8E92E-B079-4DBC-945A-830C53F8B252}.Release|x64.ActiveCfg = Release|Any CPU
		{05D8E92E-B079-4DBC-945A-830C53F8B252}.Release|x64.Build.0 = Release|Any CPU
		{05D8E92E-B079-4DBC-945A-830C53F8B252}.Release|x86.ActiveCfg = Release|Any CPU
		{05D8E92E-B079-4DBC-945A-830C53F8B252}.Release|x86.Build.0 = Release|Any CPU
		{281FC176-6420-4527-8CB4-9CC20C85A03C}.Debug|Any CPU.ActiveCfg = Debug|Any CPU
		{281FC176-6420-4527-8CB4-9CC20C85A03C}.Debug|Any CPU.Build.0 = Debug|Any CPU
		{281FC176-6420-4527-8CB4-9CC20C85A03C}.Debug|x64.ActiveCfg = Debug|Any CPU
		{281FC176-6420-4527-8CB4-9CC20C85A03C}.Debug|x64.Build.0 = Debug|Any CPU
		{281FC176-6420-4527-8CB4-9CC20C85A03C}.Debug|x86.ActiveCfg = Debug|Any CPU
		{281FC176-6420-4527-8CB4-9CC20C85A03C}.Debug|x86.Build.0 = Debug|Any CPU
		{281FC176-6420-4527-8CB4-9CC20C85A03C}.Release|Any CPU.ActiveCfg = Release|Any CPU
		{281FC176-6420-4527-8CB4-9CC20C85A03C}.Release|Any CPU.Build.0 = Release|Any CPU
		{281FC176-6420-4527-8CB4-9CC20C85A03C}.Release|x64.ActiveCfg = Release|Any CPU
		{281FC176-6420-4527-8CB4-9CC20C85A03C}.Release|x64.Build.0 = Release|Any CPU
		{281FC176-6420-4527-8CB4-9CC20C85A03C}.Release|x86.ActiveCfg = Release|Any CPU
		{281FC176-6420-4527-8CB4-9CC20C85A03C}.Release|x86.Build.0 = Release|Any CPU
	EndGlobalSection
	GlobalSection(SolutionProperties) = preSolution
		HideSolutionNode = FALSE
	EndGlobalSection
	GlobalSection(ExtensibilityGlobals) = postSolution
		SolutionGuid = {08C466B3-59D9-420F-9A05-AE434C292AD5}
	EndGlobalSection
EndGlobal
